
Microsoft Visual Studio Solution File, Format Version 12.00
# Visual Studio Version 17
VisualStudioVersion = 17.11.35327.3
MinimumVisualStudioVersion = 10.0.40219.1
Project("{FAE04EC0-301F-11D3-BF4B-00C04F79EFBC}") = "Loop 1", "Loop 1\Loop 1.csproj", "{EC4E71FE-DB04-4D3C-9D82-68D3AA34DDAB}"
EndProject
Global
	GlobalSection(SolutionConfigurationPlatforms) = preSolution
		Debug|Any CPU = Debug|Any CPU
		Release|Any CPU = Release|Any CPU
	EndGlobalSection
	GlobalSection(ProjectConfigurationPlatforms) = postSolution
		{EC4E71FE-DB04-4D3C-9D82-68D3AA34DDAB}.Debug|Any CPU.ActiveCfg = Debug|Any CPU
		{EC4E71FE-DB04-4D3C-9D82-68D3AA34DDAB}.Debug|Any CPU.Build.0 = Debug|Any CPU
		{EC4E71FE-DB04-4D3C-9D82-68D3AA34DDAB}.Release|Any CPU.ActiveCfg = Release|Any CPU
		{EC4E71FE-DB04-4D3C-9D82-68D3AA34DDAB}.Release|Any CPU.Build.0 = Release|Any CPU
	EndGlobalSection
	GlobalSection(SolutionProperties) = preSolution
		HideSolutionNode = FALSE
	EndGlobalSection
	GlobalSection(ExtensibilityGlobals) = postSolution
		SolutionGuid = {805F297A-B430-429C-B45C-F474B1859EF7}
	EndGlobalSection
EndGlobal
